// !$*UTF8*$!
{
	archiveVersion = 1;
	classes = {
	};
	objectVersion = 51;
	objects = {

/* Begin PBXBuildFile section */
		93BE79A4579A93AD4F1C5CC0 /* Pods_appendTests.framework in Frameworks */ = {isa = PBXBuildFile; fileRef = 766E5AE6B15F62BF299808FE /* Pods_appendTests.framework */; };
		9A2B8E12789D8B833AC3A8CB /* Pods_append.framework in Frameworks */ = {isa = PBXBuildFile; fileRef = D2ADC4771B5B5C9F1806B605 /* Pods_append.framework */; };
		A74003DDFD6349EDA827E561 /* Pods_append_appendUITests.framework in Frameworks */ = {isa = PBXBuildFile; fileRef = 3258CCBD8D135A93B7656BB2 /* Pods_append_appendUITests.framework */; };
		C51BC4C026ED835F00D242ED /* ConfigurePass.swift in Sources */ = {isa = PBXBuildFile; fileRef = C51BC4BF26ED835F00D242ED /* ConfigurePass.swift */; };
		C53269D826EDD3E000A4C56E /* passslotInterface.swift in Sources */ = {isa = PBXBuildFile; fileRef = C53269D726EDD3E000A4C56E /* passslotInterface.swift */; };
		C5C44BAC26ED647E004B70EA /* Camera.swift in Sources */ = {isa = PBXBuildFile; fileRef = C5C44BAB26ED647E004B70EA /* Camera.swift */; };
		F02ACA7926EC7714000B0E81 /* AppDelegate.swift in Sources */ = {isa = PBXBuildFile; fileRef = F02ACA7826EC7714000B0E81 /* AppDelegate.swift */; };
		F02ACA7B26EC7714000B0E81 /* SceneDelegate.swift in Sources */ = {isa = PBXBuildFile; fileRef = F02ACA7A26EC7714000B0E81 /* SceneDelegate.swift */; };
		F02ACA7D26EC7714000B0E81 /* Home.swift in Sources */ = {isa = PBXBuildFile; fileRef = F02ACA7C26EC7714000B0E81 /* Home.swift */; };
		F02ACA8226EC7715000B0E81 /* Assets.xcassets in Resources */ = {isa = PBXBuildFile; fileRef = F02ACA8126EC7715000B0E81 /* Assets.xcassets */; };
		F02ACA8526EC7715000B0E81 /* LaunchScreen.storyboard in Resources */ = {isa = PBXBuildFile; fileRef = F02ACA8326EC7715000B0E81 /* LaunchScreen.storyboard */; };
		F02ACA9026EC7715000B0E81 /* appendTests.swift in Sources */ = {isa = PBXBuildFile; fileRef = F02ACA8F26EC7715000B0E81 /* appendTests.swift */; };
		F02ACA9B26EC7715000B0E81 /* appendUITests.swift in Sources */ = {isa = PBXBuildFile; fileRef = F02ACA9A26EC7715000B0E81 /* appendUITests.swift */; };
		F02ACAAA26EC7C7F000B0E81 /* global.swift in Sources */ = {isa = PBXBuildFile; fileRef = F02ACAA926EC7C7F000B0E81 /* global.swift */; };
		F02ACAAC26EC8537000B0E81 /* extensions.swift in Sources */ = {isa = PBXBuildFile; fileRef = F02ACAAB26EC8537000B0E81 /* extensions.swift */; };
		F02ACAB226EC90C6000B0E81 /* SF-Pro-Text-Semibold.otf in Resources */ = {isa = PBXBuildFile; fileRef = F02ACAAE26EC90C5000B0E81 /* SF-Pro-Text-Semibold.otf */; };
		F02ACAB326EC90C6000B0E81 /* SF-Pro-Text-Bold.otf in Resources */ = {isa = PBXBuildFile; fileRef = F02ACAAF26EC90C5000B0E81 /* SF-Pro-Text-Bold.otf */; };
		F02ACAB426EC90C6000B0E81 /* SF-Pro-Text-Medium.otf in Resources */ = {isa = PBXBuildFile; fileRef = F02ACAB026EC90C5000B0E81 /* SF-Pro-Text-Medium.otf */; };
		F02ACAB526EC90C6000B0E81 /* SF-Pro-Text-Regular.otf in Resources */ = {isa = PBXBuildFile; fileRef = F02ACAB126EC90C6000B0E81 /* SF-Pro-Text-Regular.otf */; };
		F02C421A26ED434F006C40F7 /* SavedPassesCell.swift in Sources */ = {isa = PBXBuildFile; fileRef = F02C421926ED434F006C40F7 /* SavedPassesCell.swift */; };
		F02C421C26ED4444006C40F7 /* HeaderView.swift in Sources */ = {isa = PBXBuildFile; fileRef = F02C421B26ED4444006C40F7 /* HeaderView.swift */; };
		F02C422026ED506E006C40F7 /* objects.swift in Sources */ = {isa = PBXBuildFile; fileRef = F02C421F26ED506E006C40F7 /* objects.swift */; };
		F02C422326ED5816006C40F7 /* PassDetail.swift in Sources */ = {isa = PBXBuildFile; fileRef = F02C422226ED5816006C40F7 /* PassDetail.swift */; };
		F02C422526ED6035006C40F7 /* elements.swift in Sources */ = {isa = PBXBuildFile; fileRef = F02C422426ED6035006C40F7 /* elements.swift */; };
		F02C422726ED6FFD006C40F7 /* NewYorkLargeRegular.otf in Resources */ = {isa = PBXBuildFile; fileRef = F02C422626ED6FFD006C40F7 /* NewYorkLargeRegular.otf */; };
		F087F14826EDDF18000C8ACC /* ChooseCategory.swift in Sources */ = {isa = PBXBuildFile; fileRef = F087F14726EDDF18000C8ACC /* ChooseCategory.swift */; };
		F087F14A26EDE10F000C8ACC /* CategoryCell.swift in Sources */ = {isa = PBXBuildFile; fileRef = F087F14926EDE10F000C8ACC /* CategoryCell.swift */; };
		F087F14C26EDFD64000C8ACC /* Customization.swift in Sources */ = {isa = PBXBuildFile; fileRef = F087F14B26EDFD64000C8ACC /* Customization.swift */; };
/* End PBXBuildFile section */

/* Begin PBXContainerItemProxy section */
		F02ACA8C26EC7715000B0E81 /* PBXContainerItemProxy */ = {
			isa = PBXContainerItemProxy;
			containerPortal = F02ACA6D26EC7714000B0E81 /* Project object */;
			proxyType = 1;
			remoteGlobalIDString = F02ACA7426EC7714000B0E81;
			remoteInfo = append;
		};
		F02ACA9726EC7715000B0E81 /* PBXContainerItemProxy */ = {
			isa = PBXContainerItemProxy;
			containerPortal = F02ACA6D26EC7714000B0E81 /* Project object */;
			proxyType = 1;
			remoteGlobalIDString = F02ACA7426EC7714000B0E81;
			remoteInfo = append;
		};
/* End PBXContainerItemProxy section */

/* Begin PBXFileReference section */
		3258CCBD8D135A93B7656BB2 /* Pods_append_appendUITests.framework */ = {isa = PBXFileReference; explicitFileType = wrapper.framework; includeInIndex = 0; path = Pods_append_appendUITests.framework; sourceTree = BUILT_PRODUCTS_DIR; };
		69F3D918F0EFCB189809D2E8 /* Pods-append.release.xcconfig */ = {isa = PBXFileReference; includeInIndex = 1; lastKnownFileType = text.xcconfig; name = "Pods-append.release.xcconfig"; path = "Target Support Files/Pods-append/Pods-append.release.xcconfig"; sourceTree = "<group>"; };
		6FBAB38C48A065A0C9543CC7 /* Pods-append.debug.xcconfig */ = {isa = PBXFileReference; includeInIndex = 1; lastKnownFileType = text.xcconfig; name = "Pods-append.debug.xcconfig"; path = "Target Support Files/Pods-append/Pods-append.debug.xcconfig"; sourceTree = "<group>"; };
		766E5AE6B15F62BF299808FE /* Pods_appendTests.framework */ = {isa = PBXFileReference; explicitFileType = wrapper.framework; includeInIndex = 0; path = Pods_appendTests.framework; sourceTree = BUILT_PRODUCTS_DIR; };
		8E7CD20D5B5553BD6B54CD97 /* Pods-append-appendUITests.debug.xcconfig */ = {isa = PBXFileReference; includeInIndex = 1; lastKnownFileType = text.xcconfig; name = "Pods-append-appendUITests.debug.xcconfig"; path = "Target Support Files/Pods-append-appendUITests/Pods-append-appendUITests.debug.xcconfig"; sourceTree = "<group>"; };
		8F13FFA2A141EBD6CA99CFD4 /* Pods-appendTests.debug.xcconfig */ = {isa = PBXFileReference; includeInIndex = 1; lastKnownFileType = text.xcconfig; name = "Pods-appendTests.debug.xcconfig"; path = "Target Support Files/Pods-appendTests/Pods-appendTests.debug.xcconfig"; sourceTree = "<group>"; };
		A368663A7DAC513F5937F966 /* Pods-appendTests.release.xcconfig */ = {isa = PBXFileReference; includeInIndex = 1; lastKnownFileType = text.xcconfig; name = "Pods-appendTests.release.xcconfig"; path = "Target Support Files/Pods-appendTests/Pods-appendTests.release.xcconfig"; sourceTree = "<group>"; };
		C51BC4BF26ED835F00D242ED /* ConfigurePass.swift */ = {isa = PBXFileReference; lastKnownFileType = sourcecode.swift; path = ConfigurePass.swift; sourceTree = "<group>"; };
		C53269D726EDD3E000A4C56E /* passslotInterface.swift */ = {isa = PBXFileReference; lastKnownFileType = sourcecode.swift; path = passslotInterface.swift; sourceTree = "<group>"; };
		C5C44BAB26ED647E004B70EA /* Camera.swift */ = {isa = PBXFileReference; lastKnownFileType = sourcecode.swift; path = Camera.swift; sourceTree = "<group>"; };
		D2ADC4771B5B5C9F1806B605 /* Pods_append.framework */ = {isa = PBXFileReference; explicitFileType = wrapper.framework; includeInIndex = 0; path = Pods_append.framework; sourceTree = BUILT_PRODUCTS_DIR; };
		D5606C276E733B8CF8309C93 /* Pods-append-appendUITests.release.xcconfig */ = {isa = PBXFileReference; includeInIndex = 1; lastKnownFileType = text.xcconfig; name = "Pods-append-appendUITests.release.xcconfig"; path = "Target Support Files/Pods-append-appendUITests/Pods-append-appendUITests.release.xcconfig"; sourceTree = "<group>"; };
		F02ACA7526EC7714000B0E81 /* append.app */ = {isa = PBXFileReference; explicitFileType = wrapper.application; includeInIndex = 0; path = append.app; sourceTree = BUILT_PRODUCTS_DIR; };
		F02ACA7826EC7714000B0E81 /* AppDelegate.swift */ = {isa = PBXFileReference; lastKnownFileType = sourcecode.swift; path = AppDelegate.swift; sourceTree = "<group>"; };
		F02ACA7A26EC7714000B0E81 /* SceneDelegate.swift */ = {isa = PBXFileReference; lastKnownFileType = sourcecode.swift; path = SceneDelegate.swift; sourceTree = "<group>"; };
		F02ACA7C26EC7714000B0E81 /* Home.swift */ = {isa = PBXFileReference; lastKnownFileType = sourcecode.swift; path = Home.swift; sourceTree = "<group>"; };
		F02ACA8126EC7715000B0E81 /* Assets.xcassets */ = {isa = PBXFileReference; lastKnownFileType = folder.assetcatalog; path = Assets.xcassets; sourceTree = "<group>"; };
		F02ACA8426EC7715000B0E81 /* Base */ = {isa = PBXFileReference; lastKnownFileType = file.storyboard; name = Base; path = Base.lproj/LaunchScreen.storyboard; sourceTree = "<group>"; };
		F02ACA8626EC7715000B0E81 /* Info.plist */ = {isa = PBXFileReference; lastKnownFileType = text.plist.xml; path = Info.plist; sourceTree = "<group>"; };
		F02ACA8B26EC7715000B0E81 /* appendTests.xctest */ = {isa = PBXFileReference; explicitFileType = wrapper.cfbundle; includeInIndex = 0; path = appendTests.xctest; sourceTree = BUILT_PRODUCTS_DIR; };
		F02ACA8F26EC7715000B0E81 /* appendTests.swift */ = {isa = PBXFileReference; lastKnownFileType = sourcecode.swift; path = appendTests.swift; sourceTree = "<group>"; };
		F02ACA9126EC7715000B0E81 /* Info.plist */ = {isa = PBXFileReference; lastKnownFileType = text.plist.xml; path = Info.plist; sourceTree = "<group>"; };
		F02ACA9626EC7715000B0E81 /* appendUITests.xctest */ = {isa = PBXFileReference; explicitFileType = wrapper.cfbundle; includeInIndex = 0; path = appendUITests.xctest; sourceTree = BUILT_PRODUCTS_DIR; };
		F02ACA9A26EC7715000B0E81 /* appendUITests.swift */ = {isa = PBXFileReference; lastKnownFileType = sourcecode.swift; path = appendUITests.swift; sourceTree = "<group>"; };
		F02ACA9C26EC7715000B0E81 /* Info.plist */ = {isa = PBXFileReference; lastKnownFileType = text.plist.xml; path = Info.plist; sourceTree = "<group>"; };
		F02ACAA926EC7C7F000B0E81 /* global.swift */ = {isa = PBXFileReference; lastKnownFileType = sourcecode.swift; path = global.swift; sourceTree = "<group>"; };
		F02ACAAB26EC8537000B0E81 /* extensions.swift */ = {isa = PBXFileReference; lastKnownFileType = sourcecode.swift; path = extensions.swift; sourceTree = "<group>"; };
		F02ACAAE26EC90C5000B0E81 /* SF-Pro-Text-Semibold.otf */ = {isa = PBXFileReference; lastKnownFileType = file; path = "SF-Pro-Text-Semibold.otf"; sourceTree = "<group>"; };
		F02ACAAF26EC90C5000B0E81 /* SF-Pro-Text-Bold.otf */ = {isa = PBXFileReference; lastKnownFileType = file; path = "SF-Pro-Text-Bold.otf"; sourceTree = "<group>"; };
		F02ACAB026EC90C5000B0E81 /* SF-Pro-Text-Medium.otf */ = {isa = PBXFileReference; lastKnownFileType = file; path = "SF-Pro-Text-Medium.otf"; sourceTree = "<group>"; };
		F02ACAB126EC90C6000B0E81 /* SF-Pro-Text-Regular.otf */ = {isa = PBXFileReference; lastKnownFileType = file; path = "SF-Pro-Text-Regular.otf"; sourceTree = "<group>"; };
		F02C421926ED434F006C40F7 /* SavedPassesCell.swift */ = {isa = PBXFileReference; lastKnownFileType = sourcecode.swift; path = SavedPassesCell.swift; sourceTree = "<group>"; };
		F02C421B26ED4444006C40F7 /* HeaderView.swift */ = {isa = PBXFileReference; lastKnownFileType = sourcecode.swift; path = HeaderView.swift; sourceTree = "<group>"; };
		F02C421F26ED506E006C40F7 /* objects.swift */ = {isa = PBXFileReference; lastKnownFileType = sourcecode.swift; path = objects.swift; sourceTree = "<group>"; };
		F02C422226ED5816006C40F7 /* PassDetail.swift */ = {isa = PBXFileReference; lastKnownFileType = sourcecode.swift; path = PassDetail.swift; sourceTree = "<group>"; };
		F02C422426ED6035006C40F7 /* elements.swift */ = {isa = PBXFileReference; lastKnownFileType = sourcecode.swift; path = elements.swift; sourceTree = "<group>"; };
		F02C422626ED6FFD006C40F7 /* NewYorkLargeRegular.otf */ = {isa = PBXFileReference; lastKnownFileType = file; path = NewYorkLargeRegular.otf; sourceTree = "<group>"; };
		F087F14726EDDF18000C8ACC /* ChooseCategory.swift */ = {isa = PBXFileReference; lastKnownFileType = sourcecode.swift; path = ChooseCategory.swift; sourceTree = "<group>"; };
		F087F14926EDE10F000C8ACC /* CategoryCell.swift */ = {isa = PBXFileReference; lastKnownFileType = sourcecode.swift; path = CategoryCell.swift; sourceTree = "<group>"; };
		F087F14B26EDFD64000C8ACC /* Customization.swift */ = {isa = PBXFileReference; lastKnownFileType = sourcecode.swift; path = Customization.swift; sourceTree = "<group>"; };
/* End PBXFileReference section */

/* Begin PBXFrameworksBuildPhase section */
		F02ACA7226EC7714000B0E81 /* Frameworks */ = {
			isa = PBXFrameworksBuildPhase;
			buildActionMask = 2147483647;
			files = (
				9A2B8E12789D8B833AC3A8CB /* Pods_append.framework in Frameworks */,
			);
			runOnlyForDeploymentPostprocessing = 0;
		};
		F02ACA8826EC7715000B0E81 /* Frameworks */ = {
			isa = PBXFrameworksBuildPhase;
			buildActionMask = 2147483647;
			files = (
				93BE79A4579A93AD4F1C5CC0 /* Pods_appendTests.framework in Frameworks */,
			);
			runOnlyForDeploymentPostprocessing = 0;
		};
		F02ACA9326EC7715000B0E81 /* Frameworks */ = {
			isa = PBXFrameworksBuildPhase;
			buildActionMask = 2147483647;
			files = (
				A74003DDFD6349EDA827E561 /* Pods_append_appendUITests.framework in Frameworks */,
			);
			runOnlyForDeploymentPostprocessing = 0;
		};
/* End PBXFrameworksBuildPhase section */

/* Begin PBXGroup section */
		5F6F24D22244E9363EEA682E /* Pods */ = {
			isa = PBXGroup;
			children = (
				6FBAB38C48A065A0C9543CC7 /* Pods-append.debug.xcconfig */,
				69F3D918F0EFCB189809D2E8 /* Pods-append.release.xcconfig */,
				8E7CD20D5B5553BD6B54CD97 /* Pods-append-appendUITests.debug.xcconfig */,
				D5606C276E733B8CF8309C93 /* Pods-append-appendUITests.release.xcconfig */,
				8F13FFA2A141EBD6CA99CFD4 /* Pods-appendTests.debug.xcconfig */,
				A368663A7DAC513F5937F966 /* Pods-appendTests.release.xcconfig */,
			);
			path = Pods;
			sourceTree = "<group>";
		};
		872FCEBC0BD306BB4F276F23 /* Frameworks */ = {
			isa = PBXGroup;
			children = (
				D2ADC4771B5B5C9F1806B605 /* Pods_append.framework */,
				3258CCBD8D135A93B7656BB2 /* Pods_append_appendUITests.framework */,
				766E5AE6B15F62BF299808FE /* Pods_appendTests.framework */,
			);
			name = Frameworks;
			sourceTree = "<group>";
		};
		C53269D626EDD37B00A4C56E /* backend */ = {
			isa = PBXGroup;
			children = (
				C53269D726EDD3E000A4C56E /* passslotInterface.swift */,
			);
			path = backend;
			sourceTree = "<group>";
		};
		F02ACA6C26EC7714000B0E81 = {
			isa = PBXGroup;
			children = (
				F02ACA7726EC7714000B0E81 /* append */,
				F02ACA8E26EC7715000B0E81 /* appendTests */,
				F02ACA9926EC7715000B0E81 /* appendUITests */,
				F02ACA7626EC7714000B0E81 /* Products */,
				5F6F24D22244E9363EEA682E /* Pods */,
				872FCEBC0BD306BB4F276F23 /* Frameworks */,
			);
			sourceTree = "<group>";
		};
		F02ACA7626EC7714000B0E81 /* Products */ = {
			isa = PBXGroup;
			children = (
				F02ACA7526EC7714000B0E81 /* append.app */,
				F02ACA8B26EC7715000B0E81 /* appendTests.xctest */,
				F02ACA9626EC7715000B0E81 /* appendUITests.xctest */,
			);
			name = Products;
			sourceTree = "<group>";
		};
		F02ACA7726EC7714000B0E81 /* append */ = {
			isa = PBXGroup;
			children = (
				C53269D626EDD37B00A4C56E /* backend */,
				F02C421D26ED4F54006C40F7 /* views */,
				F02ACAAD26EC9062000B0E81 /* fonts */,
				F02ACAA826EC7C73000B0E81 /* helpers */,
				F02ACA7826EC7714000B0E81 /* AppDelegate.swift */,
				F02ACA7A26EC7714000B0E81 /* SceneDelegate.swift */,
				F02ACA8126EC7715000B0E81 /* Assets.xcassets */,
				F02ACA8326EC7715000B0E81 /* LaunchScreen.storyboard */,
				F02ACA8626EC7715000B0E81 /* Info.plist */,
			);
			path = append;
			sourceTree = "<group>";
		};
		F02ACA8E26EC7715000B0E81 /* appendTests */ = {
			isa = PBXGroup;
			children = (
				F02ACA8F26EC7715000B0E81 /* appendTests.swift */,
				F02ACA9126EC7715000B0E81 /* Info.plist */,
			);
			path = appendTests;
			sourceTree = "<group>";
		};
		F02ACA9926EC7715000B0E81 /* appendUITests */ = {
			isa = PBXGroup;
			children = (
				F02ACA9A26EC7715000B0E81 /* appendUITests.swift */,
				F02ACA9C26EC7715000B0E81 /* Info.plist */,
			);
			path = appendUITests;
			sourceTree = "<group>";
		};
		F02ACAA826EC7C73000B0E81 /* helpers */ = {
			isa = PBXGroup;
			children = (
				F02ACAA926EC7C7F000B0E81 /* global.swift */,
				F02ACAAB26EC8537000B0E81 /* extensions.swift */,
				F02C421F26ED506E006C40F7 /* objects.swift */,
				F02C422426ED6035006C40F7 /* elements.swift */,
			);
			path = helpers;
			sourceTree = "<group>";
		};
		F02ACAAD26EC9062000B0E81 /* fonts */ = {
			isa = PBXGroup;
			children = (
				F02C422626ED6FFD006C40F7 /* NewYorkLargeRegular.otf */,
				F02ACAAF26EC90C5000B0E81 /* SF-Pro-Text-Bold.otf */,
				F02ACAB026EC90C5000B0E81 /* SF-Pro-Text-Medium.otf */,
				F02ACAB126EC90C6000B0E81 /* SF-Pro-Text-Regular.otf */,
				F02ACAAE26EC90C5000B0E81 /* SF-Pro-Text-Semibold.otf */,
			);
			path = fonts;
			sourceTree = "<group>";
		};
		F02C421D26ED4F54006C40F7 /* views */ = {
			isa = PBXGroup;
			children = (
				F02C422126ED57F3006C40F7 /* pass */,
				F02C421E26ED4F5B006C40F7 /* home */,
			);
			path = views;
			sourceTree = "<group>";
		};
		F02C421E26ED4F5B006C40F7 /* home */ = {
			isa = PBXGroup;
			children = (
				F02ACA7C26EC7714000B0E81 /* Home.swift */,
				F02C421B26ED4444006C40F7 /* HeaderView.swift */,
				F02C421926ED434F006C40F7 /* SavedPassesCell.swift */,
			);
			path = home;
			sourceTree = "<group>";
		};
		F02C422126ED57F3006C40F7 /* pass */ = {
			isa = PBXGroup;
			children = (
				C51BC4BF26ED835F00D242ED /* ConfigurePass.swift */,
				C5C44BAB26ED647E004B70EA /* Camera.swift */,
				F02C422226ED5816006C40F7 /* PassDetail.swift */,
				F087F14726EDDF18000C8ACC /* ChooseCategory.swift */,
				F087F14926EDE10F000C8ACC /* CategoryCell.swift */,
				F087F14B26EDFD64000C8ACC /* Customization.swift */,
			);
			path = pass;
			sourceTree = "<group>";
		};
/* End PBXGroup section */

/* Begin PBXNativeTarget section */
		F02ACA7426EC7714000B0E81 /* append */ = {
			isa = PBXNativeTarget;
			buildConfigurationList = F02ACA9F26EC7715000B0E81 /* Build configuration list for PBXNativeTarget "append" */;
			buildPhases = (
				FA4EF818E6CB9502081F89C1 /* [CP] Check Pods Manifest.lock */,
				F02ACA7126EC7714000B0E81 /* Sources */,
				F02ACA7226EC7714000B0E81 /* Frameworks */,
				F02ACA7326EC7714000B0E81 /* Resources */,
				C22514A70F1542F7C6911FF7 /* [CP] Embed Pods Frameworks */,
			);
			buildRules = (
			);
			dependencies = (
			);
			name = append;
			productName = append;
			productReference = F02ACA7526EC7714000B0E81 /* append.app */;
			productType = "com.apple.product-type.application";
		};
		F02ACA8A26EC7715000B0E81 /* appendTests */ = {
			isa = PBXNativeTarget;
			buildConfigurationList = F02ACAA226EC7715000B0E81 /* Build configuration list for PBXNativeTarget "appendTests" */;
			buildPhases = (
				F6CB72187DEEBDBA679937A9 /* [CP] Check Pods Manifest.lock */,
				F02ACA8726EC7715000B0E81 /* Sources */,
				F02ACA8826EC7715000B0E81 /* Frameworks */,
				F02ACA8926EC7715000B0E81 /* Resources */,
			);
			buildRules = (
			);
			dependencies = (
				F02ACA8D26EC7715000B0E81 /* PBXTargetDependency */,
			);
			name = appendTests;
			productName = appendTests;
			productReference = F02ACA8B26EC7715000B0E81 /* appendTests.xctest */;
			productType = "com.apple.product-type.bundle.unit-test";
		};
		F02ACA9526EC7715000B0E81 /* appendUITests */ = {
			isa = PBXNativeTarget;
			buildConfigurationList = F02ACAA526EC7715000B0E81 /* Build configuration list for PBXNativeTarget "appendUITests" */;
			buildPhases = (
				C3C68826EF25B4DA274CCC13 /* [CP] Check Pods Manifest.lock */,
				F02ACA9226EC7715000B0E81 /* Sources */,
				F02ACA9326EC7715000B0E81 /* Frameworks */,
				F02ACA9426EC7715000B0E81 /* Resources */,
				D671758A130964A90D2C5C22 /* [CP] Embed Pods Frameworks */,
			);
			buildRules = (
			);
			dependencies = (
				F02ACA9826EC7715000B0E81 /* PBXTargetDependency */,
			);
			name = appendUITests;
			productName = appendUITests;
			productReference = F02ACA9626EC7715000B0E81 /* appendUITests.xctest */;
			productType = "com.apple.product-type.bundle.ui-testing";
		};
/* End PBXNativeTarget section */

/* Begin PBXProject section */
		F02ACA6D26EC7714000B0E81 /* Project object */ = {
			isa = PBXProject;
			attributes = {
				LastSwiftUpdateCheck = 1250;
				LastUpgradeCheck = 1250;
				TargetAttributes = {
					F02ACA7426EC7714000B0E81 = {
						CreatedOnToolsVersion = 12.5.1;
					};
					F02ACA8A26EC7715000B0E81 = {
						CreatedOnToolsVersion = 12.5.1;
						TestTargetID = F02ACA7426EC7714000B0E81;
					};
					F02ACA9526EC7715000B0E81 = {
						CreatedOnToolsVersion = 12.5.1;
						TestTargetID = F02ACA7426EC7714000B0E81;
					};
				};
			};
			buildConfigurationList = F02ACA7026EC7714000B0E81 /* Build configuration list for PBXProject "append" */;
			compatibilityVersion = "Xcode 9.3";
			developmentRegion = en;
			hasScannedForEncodings = 0;
			knownRegions = (
				en,
				Base,
			);
			mainGroup = F02ACA6C26EC7714000B0E81;
			productRefGroup = F02ACA7626EC7714000B0E81 /* Products */;
			projectDirPath = "";
			projectRoot = "";
			targets = (
				F02ACA7426EC7714000B0E81 /* append */,
				F02ACA8A26EC7715000B0E81 /* appendTests */,
				F02ACA9526EC7715000B0E81 /* appendUITests */,
			);
		};
/* End PBXProject section */

/* Begin PBXResourcesBuildPhase section */
		F02ACA7326EC7714000B0E81 /* Resources */ = {
			isa = PBXResourcesBuildPhase;
			buildActionMask = 2147483647;
			files = (
				F02C422726ED6FFD006C40F7 /* NewYorkLargeRegular.otf in Resources */,
				F02ACAB526EC90C6000B0E81 /* SF-Pro-Text-Regular.otf in Resources */,
				F02ACAB226EC90C6000B0E81 /* SF-Pro-Text-Semibold.otf in Resources */,
				F02ACA8526EC7715000B0E81 /* LaunchScreen.storyboard in Resources */,
				F02ACAB326EC90C6000B0E81 /* SF-Pro-Text-Bold.otf in Resources */,
				F02ACAB426EC90C6000B0E81 /* SF-Pro-Text-Medium.otf in Resources */,
				F02ACA8226EC7715000B0E81 /* Assets.xcassets in Resources */,
			);
			runOnlyForDeploymentPostprocessing = 0;
		};
		F02ACA8926EC7715000B0E81 /* Resources */ = {
			isa = PBXResourcesBuildPhase;
			buildActionMask = 2147483647;
			files = (
			);
			runOnlyForDeploymentPostprocessing = 0;
		};
		F02ACA9426EC7715000B0E81 /* Resources */ = {
			isa = PBXResourcesBuildPhase;
			buildActionMask = 2147483647;
			files = (
			);
			runOnlyForDeploymentPostprocessing = 0;
		};
/* End PBXResourcesBuildPhase section */

/* Begin PBXShellScriptBuildPhase section */
		C22514A70F1542F7C6911FF7 /* [CP] Embed Pods Frameworks */ = {
			isa = PBXShellScriptBuildPhase;
			buildActionMask = 2147483647;
			files = (
			);
			inputFileListPaths = (
				"${PODS_ROOT}/Target Support Files/Pods-append/Pods-append-frameworks-${CONFIGURATION}-input-files.xcfilelist",
			);
			name = "[CP] Embed Pods Frameworks";
			outputFileListPaths = (
				"${PODS_ROOT}/Target Support Files/Pods-append/Pods-append-frameworks-${CONFIGURATION}-output-files.xcfilelist",
			);
			runOnlyForDeploymentPostprocessing = 0;
			shellPath = /bin/sh;
			shellScript = "\"${PODS_ROOT}/Target Support Files/Pods-append/Pods-append-frameworks.sh\"\n";
			showEnvVarsInLog = 0;
		};
		C3C68826EF25B4DA274CCC13 /* [CP] Check Pods Manifest.lock */ = {
			isa = PBXShellScriptBuildPhase;
			buildActionMask = 2147483647;
			files = (
			);
			inputFileListPaths = (
			);
			inputPaths = (
				"${PODS_PODFILE_DIR_PATH}/Podfile.lock",
				"${PODS_ROOT}/Manifest.lock",
			);
			name = "[CP] Check Pods Manifest.lock";
			outputFileListPaths = (
			);
			outputPaths = (
				"$(DERIVED_FILE_DIR)/Pods-append-appendUITests-checkManifestLockResult.txt",
			);
			runOnlyForDeploymentPostprocessing = 0;
			shellPath = /bin/sh;
			shellScript = "diff \"${PODS_PODFILE_DIR_PATH}/Podfile.lock\" \"${PODS_ROOT}/Manifest.lock\" > /dev/null\nif [ $? != 0 ] ; then\n    # print error to STDERR\n    echo \"error: The sandbox is not in sync with the Podfile.lock. Run 'pod install' or update your CocoaPods installation.\" >&2\n    exit 1\nfi\n# This output is used by Xcode 'outputs' to avoid re-running this script phase.\necho \"SUCCESS\" > \"${SCRIPT_OUTPUT_FILE_0}\"\n";
			showEnvVarsInLog = 0;
		};
		D671758A130964A90D2C5C22 /* [CP] Embed Pods Frameworks */ = {
			isa = PBXShellScriptBuildPhase;
			buildActionMask = 2147483647;
			files = (
			);
			inputFileListPaths = (
				"${PODS_ROOT}/Target Support Files/Pods-append-appendUITests/Pods-append-appendUITests-frameworks-${CONFIGURATION}-input-files.xcfilelist",
			);
			name = "[CP] Embed Pods Frameworks";
			outputFileListPaths = (
				"${PODS_ROOT}/Target Support Files/Pods-append-appendUITests/Pods-append-appendUITests-frameworks-${CONFIGURATION}-output-files.xcfilelist",
			);
			runOnlyForDeploymentPostprocessing = 0;
			shellPath = /bin/sh;
			shellScript = "\"${PODS_ROOT}/Target Support Files/Pods-append-appendUITests/Pods-append-appendUITests-frameworks.sh\"\n";
			showEnvVarsInLog = 0;
		};
		F6CB72187DEEBDBA679937A9 /* [CP] Check Pods Manifest.lock */ = {
			isa = PBXShellScriptBuildPhase;
			buildActionMask = 2147483647;
			files = (
			);
			inputFileListPaths = (
			);
			inputPaths = (
				"${PODS_PODFILE_DIR_PATH}/Podfile.lock",
				"${PODS_ROOT}/Manifest.lock",
			);
			name = "[CP] Check Pods Manifest.lock";
			outputFileListPaths = (
			);
			outputPaths = (
				"$(DERIVED_FILE_DIR)/Pods-appendTests-checkManifestLockResult.txt",
			);
			runOnlyForDeploymentPostprocessing = 0;
			shellPath = /bin/sh;
			shellScript = "diff \"${PODS_PODFILE_DIR_PATH}/Podfile.lock\" \"${PODS_ROOT}/Manifest.lock\" > /dev/null\nif [ $? != 0 ] ; then\n    # print error to STDERR\n    echo \"error: The sandbox is not in sync with the Podfile.lock. Run 'pod install' or update your CocoaPods installation.\" >&2\n    exit 1\nfi\n# This output is used by Xcode 'outputs' to avoid re-running this script phase.\necho \"SUCCESS\" > \"${SCRIPT_OUTPUT_FILE_0}\"\n";
			showEnvVarsInLog = 0;
		};
		FA4EF818E6CB9502081F89C1 /* [CP] Check Pods Manifest.lock */ = {
			isa = PBXShellScriptBuildPhase;
			buildActionMask = 2147483647;
			files = (
			);
			inputFileListPaths = (
			);
			inputPaths = (
				"${PODS_PODFILE_DIR_PATH}/Podfile.lock",
				"${PODS_ROOT}/Manifest.lock",
			);
			name = "[CP] Check Pods Manifest.lock";
			outputFileListPaths = (
			);
			outputPaths = (
				"$(DERIVED_FILE_DIR)/Pods-append-checkManifestLockResult.txt",
			);
			runOnlyForDeploymentPostprocessing = 0;
			shellPath = /bin/sh;
			shellScript = "diff \"${PODS_PODFILE_DIR_PATH}/Podfile.lock\" \"${PODS_ROOT}/Manifest.lock\" > /dev/null\nif [ $? != 0 ] ; then\n    # print error to STDERR\n    echo \"error: The sandbox is not in sync with the Podfile.lock. Run 'pod install' or update your CocoaPods installation.\" >&2\n    exit 1\nfi\n# This output is used by Xcode 'outputs' to avoid re-running this script phase.\necho \"SUCCESS\" > \"${SCRIPT_OUTPUT_FILE_0}\"\n";
			showEnvVarsInLog = 0;
		};
/* End PBXShellScriptBuildPhase section */

/* Begin PBXSourcesBuildPhase section */
		F02ACA7126EC7714000B0E81 /* Sources */ = {
			isa = PBXSourcesBuildPhase;
			buildActionMask = 2147483647;
			files = (
				F02C421C26ED4444006C40F7 /* HeaderView.swift in Sources */,
				F02ACAAC26EC8537000B0E81 /* extensions.swift in Sources */,
				F02C422326ED5816006C40F7 /* PassDetail.swift in Sources */,
				F087F14A26EDE10F000C8ACC /* CategoryCell.swift in Sources */,
				F02C422026ED506E006C40F7 /* objects.swift in Sources */,
				F02ACA7D26EC7714000B0E81 /* Home.swift in Sources */,
				C53269D826EDD3E000A4C56E /* passslotInterface.swift in Sources */,
				F087F14C26EDFD64000C8ACC /* Customization.swift in Sources */,
				F02C421A26ED434F006C40F7 /* SavedPassesCell.swift in Sources */,
				F02ACAAA26EC7C7F000B0E81 /* global.swift in Sources */,
				F02ACA7926EC7714000B0E81 /* AppDelegate.swift in Sources */,
				C51BC4C026ED835F00D242ED /* ConfigurePass.swift in Sources */,
				F02C422526ED6035006C40F7 /* elements.swift in Sources */,
				F02ACA7B26EC7714000B0E81 /* SceneDelegate.swift in Sources */,
				F087F14826EDDF18000C8ACC /* ChooseCategory.swift in Sources */,
				C5C44BAC26ED647E004B70EA /* Camera.swift in Sources */,
			);
			runOnlyForDeploymentPostprocessing = 0;
		};
		F02ACA8726EC7715000B0E81 /* Sources */ = {
			isa = PBXSourcesBuildPhase;
			buildActionMask = 2147483647;
			files = (
				F02ACA9026EC7715000B0E81 /* appendTests.swift in Sources */,
			);
			runOnlyForDeploymentPostprocessing = 0;
		};
		F02ACA9226EC7715000B0E81 /* Sources */ = {
			isa = PBXSourcesBuildPhase;
			buildActionMask = 2147483647;
			files = (
				F02ACA9B26EC7715000B0E81 /* appendUITests.swift in Sources */,
			);
			runOnlyForDeploymentPostprocessing = 0;
		};
/* End PBXSourcesBuildPhase section */

/* Begin PBXTargetDependency section */
		F02ACA8D26EC7715000B0E81 /* PBXTargetDependency */ = {
			isa = PBXTargetDependency;
			target = F02ACA7426EC7714000B0E81 /* append */;
			targetProxy = F02ACA8C26EC7715000B0E81 /* PBXContainerItemProxy */;
		};
		F02ACA9826EC7715000B0E81 /* PBXTargetDependency */ = {
			isa = PBXTargetDependency;
			target = F02ACA7426EC7714000B0E81 /* append */;
			targetProxy = F02ACA9726EC7715000B0E81 /* PBXContainerItemProxy */;
		};
/* End PBXTargetDependency section */

/* Begin PBXVariantGroup section */
		F02ACA8326EC7715000B0E81 /* LaunchScreen.storyboard */ = {
			isa = PBXVariantGroup;
			children = (
				F02ACA8426EC7715000B0E81 /* Base */,
			);
			name = LaunchScreen.storyboard;
			sourceTree = "<group>";
		};
/* End PBXVariantGroup section */

/* Begin XCBuildConfiguration section */
		F02ACA9D26EC7715000B0E81 /* Debug */ = {
			isa = XCBuildConfiguration;
			buildSettings = {
				ALWAYS_SEARCH_USER_PATHS = NO;
				CLANG_ANALYZER_NONNULL = YES;
				CLANG_ANALYZER_NUMBER_OBJECT_CONVERSION = YES_AGGRESSIVE;
				CLANG_CXX_LANGUAGE_STANDARD = "gnu++14";
				CLANG_CXX_LIBRARY = "libc++";
				CLANG_ENABLE_MODULES = YES;
				CLANG_ENABLE_OBJC_ARC = YES;
				CLANG_ENABLE_OBJC_WEAK = YES;
				CLANG_WARN_BLOCK_CAPTURE_AUTORELEASING = YES;
				CLANG_WARN_BOOL_CONVERSION = YES;
				CLANG_WARN_COMMA = YES;
				CLANG_WARN_CONSTANT_CONVERSION = YES;
				CLANG_WARN_DEPRECATED_OBJC_IMPLEMENTATIONS = YES;
				CLANG_WARN_DIRECT_OBJC_ISA_USAGE = YES_ERROR;
				CLANG_WARN_DOCUMENTATION_COMMENTS = YES;
				CLANG_WARN_EMPTY_BODY = YES;
				CLANG_WARN_ENUM_CONVERSION = YES;
				CLANG_WARN_INFINITE_RECURSION = YES;
				CLANG_WARN_INT_CONVERSION = YES;
				CLANG_WARN_NON_LITERAL_NULL_CONVERSION = YES;
				CLANG_WARN_OBJC_IMPLICIT_RETAIN_SELF = YES;
				CLANG_WARN_OBJC_LITERAL_CONVERSION = YES;
				CLANG_WARN_OBJC_ROOT_CLASS = YES_ERROR;
				CLANG_WARN_QUOTED_INCLUDE_IN_FRAMEWORK_HEADER = YES;
				CLANG_WARN_RANGE_LOOP_ANALYSIS = YES;
				CLANG_WARN_STRICT_PROTOTYPES = YES;
				CLANG_WARN_SUSPICIOUS_MOVE = YES;
				CLANG_WARN_UNGUARDED_AVAILABILITY = YES_AGGRESSIVE;
				CLANG_WARN_UNREACHABLE_CODE = YES;
				CLANG_WARN__DUPLICATE_METHOD_MATCH = YES;
				COPY_PHASE_STRIP = NO;
				DEBUG_INFORMATION_FORMAT = dwarf;
				ENABLE_STRICT_OBJC_MSGSEND = YES;
				ENABLE_TESTABILITY = YES;
				GCC_C_LANGUAGE_STANDARD = gnu11;
				GCC_DYNAMIC_NO_PIC = NO;
				GCC_NO_COMMON_BLOCKS = YES;
				GCC_OPTIMIZATION_LEVEL = 0;
				GCC_PREPROCESSOR_DEFINITIONS = (
					"DEBUG=1",
					"$(inherited)",
				);
				GCC_WARN_64_TO_32_BIT_CONVERSION = YES;
				GCC_WARN_ABOUT_RETURN_TYPE = YES_ERROR;
				GCC_WARN_UNDECLARED_SELECTOR = YES;
				GCC_WARN_UNINITIALIZED_AUTOS = YES_AGGRESSIVE;
				GCC_WARN_UNUSED_FUNCTION = YES;
				GCC_WARN_UNUSED_VARIABLE = YES;
				IPHONEOS_DEPLOYMENT_TARGET = 13.0;
				MTL_ENABLE_DEBUG_INFO = INCLUDE_SOURCE;
				MTL_FAST_MATH = YES;
				ONLY_ACTIVE_ARCH = YES;
				SDKROOT = iphoneos;
				SWIFT_ACTIVE_COMPILATION_CONDITIONS = DEBUG;
				SWIFT_OPTIMIZATION_LEVEL = "-Onone";
			};
			name = Debug;
		};
		F02ACA9E26EC7715000B0E81 /* Release */ = {
			isa = XCBuildConfiguration;
			buildSettings = {
				ALWAYS_SEARCH_USER_PATHS = NO;
				CLANG_ANALYZER_NONNULL = YES;
				CLANG_ANALYZER_NUMBER_OBJECT_CONVERSION = YES_AGGRESSIVE;
				CLANG_CXX_LANGUAGE_STANDARD = "gnu++14";
				CLANG_CXX_LIBRARY = "libc++";
				CLANG_ENABLE_MODULES = YES;
				CLANG_ENABLE_OBJC_ARC = YES;
				CLANG_ENABLE_OBJC_WEAK = YES;
				CLANG_WARN_BLOCK_CAPTURE_AUTORELEASING = YES;
				CLANG_WARN_BOOL_CONVERSION = YES;
				CLANG_WARN_COMMA = YES;
				CLANG_WARN_CONSTANT_CONVERSION = YES;
				CLANG_WARN_DEPRECATED_OBJC_IMPLEMENTATIONS = YES;
				CLANG_WARN_DIRECT_OBJC_ISA_USAGE = YES_ERROR;
				CLANG_WARN_DOCUMENTATION_COMMENTS = YES;
				CLANG_WARN_EMPTY_BODY = YES;
				CLANG_WARN_ENUM_CONVERSION = YES;
				CLANG_WARN_INFINITE_RECURSION = YES;
				CLANG_WARN_INT_CONVERSION = YES;
				CLANG_WARN_NON_LITERAL_NULL_CONVERSION = YES;
				CLANG_WARN_OBJC_IMPLICIT_RETAIN_SELF = YES;
				CLANG_WARN_OBJC_LITERAL_CONVERSION = YES;
				CLANG_WARN_OBJC_ROOT_CLASS = YES_ERROR;
				CLANG_WARN_QUOTED_INCLUDE_IN_FRAMEWORK_HEADER = YES;
				CLANG_WARN_RANGE_LOOP_ANALYSIS = YES;
				CLANG_WARN_STRICT_PROTOTYPES = YES;
				CLANG_WARN_SUSPICIOUS_MOVE = YES;
				CLANG_WARN_UNGUARDED_AVAILABILITY = YES_AGGRESSIVE;
				CLANG_WARN_UNREACHABLE_CODE = YES;
				CLANG_WARN__DUPLICATE_METHOD_MATCH = YES;
				COPY_PHASE_STRIP = NO;
				DEBUG_INFORMATION_FORMAT = "dwarf-with-dsym";
				ENABLE_NS_ASSERTIONS = NO;
				ENABLE_STRICT_OBJC_MSGSEND = YES;
				GCC_C_LANGUAGE_STANDARD = gnu11;
				GCC_NO_COMMON_BLOCKS = YES;
				GCC_WARN_64_TO_32_BIT_CONVERSION = YES;
				GCC_WARN_ABOUT_RETURN_TYPE = YES_ERROR;
				GCC_WARN_UNDECLARED_SELECTOR = YES;
				GCC_WARN_UNINITIALIZED_AUTOS = YES_AGGRESSIVE;
				GCC_WARN_UNUSED_FUNCTION = YES;
				GCC_WARN_UNUSED_VARIABLE = YES;
				IPHONEOS_DEPLOYMENT_TARGET = 13.0;
				MTL_ENABLE_DEBUG_INFO = NO;
				MTL_FAST_MATH = YES;
				SDKROOT = iphoneos;
				SWIFT_COMPILATION_MODE = wholemodule;
				SWIFT_OPTIMIZATION_LEVEL = "-O";
				VALIDATE_PRODUCT = YES;
			};
			name = Release;
		};
		F02ACAA026EC7715000B0E81 /* Debug */ = {
			isa = XCBuildConfiguration;
			baseConfigurationReference = 6FBAB38C48A065A0C9543CC7 /* Pods-append.debug.xcconfig */;
			buildSettings = {
				ASSETCATALOG_COMPILER_APPICON_NAME = AppIcon;
				ASSETCATALOG_COMPILER_GLOBAL_ACCENT_COLOR_NAME = AccentColor;
				CODE_SIGN_STYLE = Automatic;
				DEVELOPMENT_TEAM = HLCJWYSSKW;
				INFOPLIST_FILE = append/Info.plist;
				IPHONEOS_DEPLOYMENT_TARGET = 13.0;
				LD_RUNPATH_SEARCH_PATHS = (
					"$(inherited)",
					"@executable_path/Frameworks",
				);
				PRODUCT_BUNDLE_IDENTIFIER = dev.kclabs.append1231;
				PRODUCT_NAME = "$(TARGET_NAME)";
				SWIFT_VERSION = 5.0;
				TARGETED_DEVICE_FAMILY = 1;
			};
			name = Debug;
		};
		F02ACAA126EC7715000B0E81 /* Release */ = {
			isa = XCBuildConfiguration;
			baseConfigurationReference = 69F3D918F0EFCB189809D2E8 /* Pods-append.release.xcconfig */;
			buildSettings = {
				ASSETCATALOG_COMPILER_APPICON_NAME = AppIcon;
				ASSETCATALOG_COMPILER_GLOBAL_ACCENT_COLOR_NAME = AccentColor;
				CODE_SIGN_STYLE = Automatic;
				DEVELOPMENT_TEAM = 698LHTYCM9;
				INFOPLIST_FILE = append/Info.plist;
				IPHONEOS_DEPLOYMENT_TARGET = 13.0;
				LD_RUNPATH_SEARCH_PATHS = (
					"$(inherited)",
					"@executable_path/Frameworks",
				);
				PRODUCT_BUNDLE_IDENTIFIER = dev.kclabs.append;
				PRODUCT_NAME = "$(TARGET_NAME)";
				SWIFT_VERSION = 5.0;
				TARGETED_DEVICE_FAMILY = 1;
			};
			name = Release;
		};
		F02ACAA326EC7715000B0E81 /* Debug */ = {
			isa = XCBuildConfiguration;
			baseConfigurationReference = 8F13FFA2A141EBD6CA99CFD4 /* Pods-appendTests.debug.xcconfig */;
			buildSettings = {
				ALWAYS_EMBED_SWIFT_STANDARD_LIBRARIES = YES;
				BUNDLE_LOADER = "$(TEST_HOST)";
				CODE_SIGN_STYLE = Automatic;
				DEVELOPMENT_TEAM = 698LHTYCM9;
				INFOPLIST_FILE = appendTests/Info.plist;
				IPHONEOS_DEPLOYMENT_TARGET = 14.5;
				LD_RUNPATH_SEARCH_PATHS = (
					"$(inherited)",
					"@executable_path/Frameworks",
					"@loader_path/Frameworks",
				);
				PRODUCT_BUNDLE_IDENTIFIER = dev.kclabs.appendTests;
				PRODUCT_NAME = "$(TARGET_NAME)";
				SWIFT_VERSION = 5.0;
				TARGETED_DEVICE_FAMILY = "1,2";
				TEST_HOST = "$(BUILT_PRODUCTS_DIR)/append.app/append";
			};
			name = Debug;
		};
		F02ACAA426EC7715000B0E81 /* Release */ = {
			isa = XCBuildConfiguration;
			baseConfigurationReference = A368663A7DAC513F5937F966 /* Pods-appendTests.release.xcconfig */;
			buildSettings = {
				ALWAYS_EMBED_SWIFT_STANDARD_LIBRARIES = YES;
				BUNDLE_LOADER = "$(TEST_HOST)";
				CODE_SIGN_STYLE = Automatic;
				DEVELOPMENT_TEAM = 698LHTYCM9;
				INFOPLIST_FILE = appendTests/Info.plist;
				IPHONEOS_DEPLOYMENT_TARGET = 14.5;
				LD_RUNPATH_SEARCH_PATHS = (
					"$(inherited)",
					"@executable_path/Frameworks",
					"@loader_path/Frameworks",
				);
				PRODUCT_BUNDLE_IDENTIFIER = dev.kclabs.appendTests;
				PRODUCT_NAME = "$(TARGET_NAME)";
				SWIFT_VERSION = 5.0;
				TARGETED_DEVICE_FAMILY = "1,2";
				TEST_HOST = "$(BUILT_PRODUCTS_DIR)/append.app/append";
			};
			name = Release;
		};
		F02ACAA626EC7715000B0E81 /* Debug */ = {
			isa = XCBuildConfiguration;
			baseConfigurationReference = 8E7CD20D5B5553BD6B54CD97 /* Pods-append-appendUITests.debug.xcconfig */;
			buildSettings = {
				ALWAYS_EMBED_SWIFT_STANDARD_LIBRARIES = YES;
				CODE_SIGN_STYLE = Automatic;
				DEVELOPMENT_TEAM = 698LHTYCM9;
				INFOPLIST_FILE = appendUITests/Info.plist;
				LD_RUNPATH_SEARCH_PATHS = (
					"$(inherited)",
					"@executable_path/Frameworks",
					"@loader_path/Frameworks",
				);
				PRODUCT_BUNDLE_IDENTIFIER = dev.kclabs.appendUITests;
				PRODUCT_NAME = "$(TARGET_NAME)";
				SWIFT_VERSION = 5.0;
				TARGETED_DEVICE_FAMILY = "1,2";
				TEST_TARGET_NAME = append;
			};
			name = Debug;
		};
		F02ACAA726EC7715000B0E81 /* Release */ = {
			isa = XCBuildConfiguration;
			baseConfigurationReference = D5606C276E733B8CF8309C93 /* Pods-append-appendUITests.release.xcconfig */;
			buildSettings = {
				ALWAYS_EMBED_SWIFT_STANDARD_LIBRARIES = YES;
				CODE_SIGN_STYLE = Automatic;
				DEVELOPMENT_TEAM = 698LHTYCM9;
				INFOPLIST_FILE = appendUITests/Info.plist;
				LD_RUNPATH_SEARCH_PATHS = (
					"$(inherited)",
					"@executable_path/Frameworks",
					"@loader_path/Frameworks",
				);
				PRODUCT_BUNDLE_IDENTIFIER = dev.kclabs.appendUITests;
				PRODUCT_NAME = "$(TARGET_NAME)";
				SWIFT_VERSION = 5.0;
				TARGETED_DEVICE_FAMILY = "1,2";
				TEST_TARGET_NAME = append;
			};
			name = Release;
		};
/* End XCBuildConfiguration section */

/* Begin XCConfigurationList section */
		F02ACA7026EC7714000B0E81 /* Build configuration list for PBXProject "append" */ = {
			isa = XCConfigurationList;
			buildConfigurations = (
				F02ACA9D26EC7715000B0E81 /* Debug */,
				F02ACA9E26EC7715000B0E81 /* Release */,
			);
			defaultConfigurationIsVisible = 0;
			defaultConfigurationName = Release;
		};
		F02ACA9F26EC7715000B0E81 /* Build configuration list for PBXNativeTarget "append" */ = {
			isa = XCConfigurationList;
			buildConfigurations = (
				F02ACAA026EC7715000B0E81 /* Debug */,
				F02ACAA126EC7715000B0E81 /* Release */,
			);
			defaultConfigurationIsVisible = 0;
			defaultConfigurationName = Release;
		};
		F02ACAA226EC7715000B0E81 /* Build configuration list for PBXNativeTarget "appendTests" */ = {
			isa = XCConfigurationList;
			buildConfigurations = (
				F02ACAA326EC7715000B0E81 /* Debug */,
				F02ACAA426EC7715000B0E81 /* Release */,
			);
			defaultConfigurationIsVisible = 0;
			defaultConfigurationName = Release;
		};
		F02ACAA526EC7715000B0E81 /* Build configuration list for PBXNativeTarget "appendUITests" */ = {
			isa = XCConfigurationList;
			buildConfigurations = (
				F02ACAA626EC7715000B0E81 /* Debug */,
				F02ACAA726EC7715000B0E81 /* Release */,
			);
			defaultConfigurationIsVisible = 0;
			defaultConfigurationName = Release;
		};
/* End XCConfigurationList section */
	};
	rootObject = F02ACA6D26EC7714000B0E81 /* Project object */;
}
